
Microsoft Visual Studio Solution File, Format Version 12.00
# Visual Studio Version 16
VisualStudioVersion = 16.0.29326.143
MinimumVisualStudioVersion = 10.0.40219.1
Project("{9A19103F-16F7-4668-BE54-9A1E7A4F7556}") = "DevIO.Business", "src\DevIO.Business\DevIO.Business.csproj", "{C49B3C65-96FD-4E5B-B654-94EC4BAD0478}"
EndProject
Project("{9A19103F-16F7-4668-BE54-9A1E7A4F7556}") = "DevIO.Data", "src\DevIO.Data\DevIO.Data.csproj", "{A43D0996-7410-44FF-883A-835FD2C4CA50}"
EndProject
Project("{9A19103F-16F7-4668-BE54-9A1E7A4F7556}") = "DevIO.Api", "src\DevIO.Api\DevIO.Api.csproj", "{C837C34B-1538-4C70-8947-EC6229FB8243}"
EndProject
Project("{2150E333-8FDC-42A3-9474-1A3956D46DE8}") = "Solution Items", "Solution Items", "{52654F9C-CC40-4344-BB3C-B9046E4C77EC}"
	ProjectSection(SolutionItems) = preProject
		global.json = global.json
	EndProjectSection
EndProject
Global
	GlobalSection(SolutionConfigurationPlatforms) = preSolution
		Debug|Any CPU = Debug|Any CPU
		Release|Any CPU = Release|Any CPU
	EndGlobalSection
	GlobalSection(ProjectConfigurationPlatforms) = postSolution
		{C49B3C65-96FD-4E5B-B654-94EC4BAD0478}.Debug|Any CPU.ActiveCfg = Debug|Any CPU
		{C49B3C65-96FD-4E5B-B654-94EC4BAD0478}.Debug|Any CPU.Build.0 = Debug|Any CPU
		{C49B3C65-96FD-4E5B-B654-94EC4BAD0478}.Release|Any CPU.ActiveCfg = Release|Any CPU
		{C49B3C65-96FD-4E5B-B654-94EC4BAD0478}.Release|Any CPU.Build.0 = Release|Any CPU
		{A43D0996-7410-44FF-883A-835FD2C4CA50}.Debug|Any CPU.ActiveCfg = Debug|Any CPU
		{A43D0996-7410-44FF-883A-835FD2C4CA50}.Debug|Any CPU.Build.0 = Debug|Any CPU
		{A43D0996-7410-44FF-883A-835FD2C4CA50}.Release|Any CPU.ActiveCfg = Release|Any CPU
		{A43D0996-7410-44FF-883A-835FD2C4CA50}.Release|Any CPU.Build.0 = Release|Any CPU
		{C837C34B-1538-4C70-8947-EC6229FB8243}.Debug|Any CPU.ActiveCfg = Debug|Any CPU
		{C837C34B-1538-4C70-8947-EC6229FB8243}.Debug|Any CPU.Build.0 = Debug|Any CPU
		{C837C34B-1538-4C70-8947-EC6229FB8243}.Release|Any CPU.ActiveCfg = Release|Any CPU
		{C837C34B-1538-4C70-8947-EC6229FB8243}.Release|Any CPU.Build.0 = Release|Any CPU
	EndGlobalSection
	GlobalSection(SolutionProperties) = preSolution
		HideSolutionNode = FALSE
	EndGlobalSection
	GlobalSection(ExtensibilityGlobals) = postSolution
		SolutionGuid = {0D534BA0-5A45-4271-87BA-B46A766DC9D8}
	EndGlobalSection
EndGlobal
